version = 1
revision = 3
requires-python = ">=3.11"

[[package]]
name = "redrift"
version = "0.1.0"
source = { editable = "." }
dependencies = [
    { name = "speedrift-lane-sdk" },
]

[package.metadata]
requires-dist = [{ name = "speedrift-lane-sdk", git = "https://github.com/dbmcco/speedrift-lane-sdk.git" }]

[[package]]
name = "speedrift-lane-sdk"
version = "0.1.0"
source = { git = "https://github.com/dbmcco/speedrift-lane-sdk.git#fa4e03e59cbcd13ac3a1ab915c7154c7a3b85de2" }
